
Microsoft Visual Studio Solution File, Format Version 12.00
Project("{FAE04EC0-301F-11D3-BF4B-00C04F79EFBC}") = "TelegramBotMafia", "TelegramBotMafia\TelegramBotMafia.csproj", "{C06ACBB9-900B-47A7-A518-1890DA984E6A}"
EndProject
Project("{FAE04EC0-301F-11D3-BF4B-00C04F79EFBC}") = "MathTeamBot", "MathTeamBot\MathTeamBot.csproj", "{BC3D6380-FBA7-4410-9AE3-03B145478672}"
EndProject
Global
	GlobalSection(SolutionConfigurationPlatforms) = preSolution
		Debug|Any CPU = Debug|Any CPU
		Release|Any CPU = Release|Any CPU
	EndGlobalSection
	GlobalSection(ProjectConfigurationPlatforms) = postSolution
		{C06ACBB9-900B-47A7-A518-1890DA984E6A}.Debug|Any CPU.ActiveCfg = Debug|Any CPU
		{C06ACBB9-900B-47A7-A518-1890DA984E6A}.Debug|Any CPU.Build.0 = Debug|Any CPU
		{C06ACBB9-900B-47A7-A518-1890DA984E6A}.Release|Any CPU.ActiveCfg = Release|Any CPU
		{C06ACBB9-900B-47A7-A518-1890DA984E6A}.Release|Any CPU.Build.0 = Release|Any CPU
		{BC3D6380-FBA7-4410-9AE3-03B145478672}.Debug|Any CPU.ActiveCfg = Debug|Any CPU
		{BC3D6380-FBA7-4410-9AE3-03B145478672}.Debug|Any CPU.Build.0 = Debug|Any CPU
		{BC3D6380-FBA7-4410-9AE3-03B145478672}.Release|Any CPU.ActiveCfg = Release|Any CPU
		{BC3D6380-FBA7-4410-9AE3-03B145478672}.Release|Any CPU.Build.0 = Release|Any CPU
	EndGlobalSection
EndGlobal
